
Microsoft Visual Studio Solution File, Format Version 12.00
# Visual Studio Version 17
VisualStudioVersion = 17.3.32922.545
MinimumVisualStudioVersion = 10.0.40219.1
Project("{FAE04EC0-301F-11D3-BF4B-00C04F79EFBC}") = "LINQApp", "LINQApp\LINQApp.csproj", "{D21AF2F1-3352-41F7-989C-061951933F39}"
EndProject
Global
	GlobalSection(SolutionConfigurationPlatforms) = preSolution
		Debug|Any CPU = Debug|Any CPU
		Release|Any CPU = Release|Any CPU
	EndGlobalSection
	GlobalSection(ProjectConfigurationPlatforms) = postSolution
		{D21AF2F1-3352-41F7-989C-061951933F39}.Debug|Any CPU.ActiveCfg = Debug|Any CPU
		{D21AF2F1-3352-41F7-989C-061951933F39}.Debug|Any CPU.Build.0 = Debug|Any CPU
		{D21AF2F1-3352-41F7-989C-061951933F39}.Release|Any CPU.ActiveCfg = Release|Any CPU
		{D21AF2F1-3352-41F7-989C-061951933F39}.Release|Any CPU.Build.0 = Release|Any CPU
	EndGlobalSection
	GlobalSection(SolutionProperties) = preSolution
		HideSolutionNode = FALSE
	EndGlobalSection
	GlobalSection(ExtensibilityGlobals) = postSolution
		SolutionGuid = {D63A6C5E-035A-4054-8043-38830DBD6375}
	EndGlobalSection
EndGlobal
